{
  "name": "packages",
  "version": "1.0.0",
  "lockfileVersion": 3,
  "requires": true,
  "packages": {
    "": {
      "name": "packages",
      "version": "1.0.0",
      "workspaces": [
        "packages/*"
      ]
    },
    "node_modules/fmr": {
      "resolved": "packages/fmr",
      "link": true
    },
    "node_modules/ky": {
      "version": "1.7.5",
      "resolved": "https://registry.npmjs.org/ky/-/ky-1.7.5.tgz",
      "integrity": "sha512-HzhziW6sc5m0pwi5M196+7cEBtbt0lCYi67wNsiwMUmz833wloE0gbzJPWKs1gliFKQb34huItDQX97LyOdPdA==",
      "engines": {
        "node": ">=18"
      },
      "funding": {
        "url": "https://github.com/sindresorhus/ky?sponsor=1"
      }
    },
    "packages/fmr": {
      "version": "1.0.0",
      "license": "ISC",
      "dependencies": {
        "ky": "^1.7.5"
      }
    }
  }
}
